
Microsoft Visual Studio Solution File, Format Version 10.00
# Visual Studio 2008
Project("{F184B08F-C81C-45F6-A57F-5ABD9991F28F}") = "AssetManagement", "AssetManagement\AssetManagement.vbproj", "{E9680A86-6C01-4F1F-95B7-5966AC561A24}"
EndProject
Global
	GlobalSection(SolutionConfigurationPlatforms) = preSolution
		Debug|Any CPU = Debug|Any CPU
		Release|Any CPU = Release|Any CPU
	EndGlobalSection
	GlobalSection(ProjectConfigurationPlatforms) = postSolution
		{E9680A86-6C01-4F1F-95B7-5966AC561A24}.Debug|Any CPU.ActiveCfg = Debug|Any CPU
		{E9680A86-6C01-4F1F-95B7-5966AC561A24}.Debug|Any CPU.Build.0 = Debug|Any CPU
		{E9680A86-6C01-4F1F-95B7-5966AC561A24}.Release|Any CPU.ActiveCfg = Release|Any CPU
		{E9680A86-6C01-4F1F-95B7-5966AC561A24}.Release|Any CPU.Build.0 = Release|Any CPU
	EndGlobalSection
	GlobalSection(SolutionProperties) = preSolution
		HideSolutionNode = FALSE
	EndGlobalSection
EndGlobal
